
Microsoft Visual Studio Solution File, Format Version 12.00
# Visual Studio Version 17
VisualStudioVersion = 17.9.34728.123
MinimumVisualStudioVersion = 10.0.40219.1
Project("{FAE04EC0-301F-11D3-BF4B-00C04F79EFBC}") = "Assignment1n01075532", "Assignment1n01075532\Assignment1n01075532.csproj", "{D02DEBB7-244A-4DE1-B2DD-62AA4F43105F}"
EndProject
Global
	GlobalSection(SolutionConfigurationPlatforms) = preSolution
		Debug|Any CPU = Debug|Any CPU
		Release|Any CPU = Release|Any CPU
	EndGlobalSection
	GlobalSection(ProjectConfigurationPlatforms) = postSolution
		{D02DEBB7-244A-4DE1-B2DD-62AA4F43105F}.Debug|Any CPU.ActiveCfg = Debug|Any CPU
		{D02DEBB7-244A-4DE1-B2DD-62AA4F43105F}.Debug|Any CPU.Build.0 = Debug|Any CPU
		{D02DEBB7-244A-4DE1-B2DD-62AA4F43105F}.Release|Any CPU.ActiveCfg = Release|Any CPU
		{D02DEBB7-244A-4DE1-B2DD-62AA4F43105F}.Release|Any CPU.Build.0 = Release|Any CPU
	EndGlobalSection
	GlobalSection(SolutionProperties) = preSolution
		HideSolutionNode = FALSE
	EndGlobalSection
	GlobalSection(ExtensibilityGlobals) = postSolution
		SolutionGuid = {93E37CC1-B944-4945-A191-B1830F0F5A39}
	EndGlobalSection
EndGlobal
